
Microsoft Visual Studio Solution File, Format Version 12.00
# Visual Studio Version 17
VisualStudioVersion = 17.10.34818.151
MinimumVisualStudioVersion = 10.0.40219.1
Project("{FAE04EC0-301F-11D3-BF4B-00C04F79EFBC}") = "LPApi", "LPApi.csproj", "{5FF745C2-44A7-4240-B668-68E9279DFB15}"
EndProject
Global
	GlobalSection(SolutionConfigurationPlatforms) = preSolution
		Debug|Any CPU = Debug|Any CPU
		Release|Any CPU = Release|Any CPU
	EndGlobalSection
	GlobalSection(ProjectConfigurationPlatforms) = postSolution
		{5FF745C2-44A7-4240-B668-68E9279DFB15}.Debug|Any CPU.ActiveCfg = Debug|Any CPU
		{5FF745C2-44A7-4240-B668-68E9279DFB15}.Debug|Any CPU.Build.0 = Debug|Any CPU
		{5FF745C2-44A7-4240-B668-68E9279DFB15}.Release|Any CPU.ActiveCfg = Release|Any CPU
		{5FF745C2-44A7-4240-B668-68E9279DFB15}.Release|Any CPU.Build.0 = Release|Any CPU
	EndGlobalSection
	GlobalSection(SolutionProperties) = preSolution
		HideSolutionNode = FALSE
	EndGlobalSection
	GlobalSection(ExtensibilityGlobals) = postSolution
		SolutionGuid = {22493814-18C6-4030-BEC2-2F6E0698F955}
	EndGlobalSection
EndGlobal
